{
  "version": 4,
  "terraform_version": "1.9.8",
  "serial": 26,
  "lineage": "e9403d87-23e2-b1f8-d615-4581a57da90a",
  "outputs": {
    "check_signature_status_url": {
      "value": "http://localhost:4566/restapis/d35d7p1n9c/dev/_user_request_/signatures/status",
      "type": "string"
    },
    "rest_api_base_invoke_url": {
      "value": "http://localhost:4566/restapis/d35d7p1n9c/dev/_user_request_",
      "type": "string"
    }
  },
  "resources": [
    {
      "mode": "managed",
      "type": "aws_api_gateway_deployment",
      "name": "signatures_deployment",
      "provider": "provider[\"registry.terraform.io/hashicorp/aws\"]",
      "instances": [
        {
          "schema_version": 0,
          "attributes": {
            "canary_settings": [],
            "created_date": "2025-12-14T18:28:00Z",
            "description": "Deployment inicial da assinatura-digital-api",
            "execution_arn": "arn:aws:execute-api:us-east-1::d35d7p1n9c/",
            "id": "plvw1f7zfx",
            "invoke_url": "https://d35d7p1n9c.execute-api.us-east-1.amazonaws.com/",
            "rest_api_id": "d35d7p1n9c",
            "stage_description": null,
            "stage_name": null,
            "triggers": {
              "redeploy": "a0ff2bb32272cbdb252fc1d75c7f14f8f0aa13e3"
            },
            "variables": null
          },
          "sensitive_attributes": [],
          "private": "bnVsbA==",
          "dependencies": [
            "aws_api_gateway_integration.check_signatures_status_integration",
            "aws_api_gateway_method.check_signatures_status_get",
            "aws_api_gateway_resource.signatures",
            "aws_api_gateway_resource.signatures_status",
            "aws_api_gateway_rest_api.signatures_api",
            "aws_iam_role.lambda_exec_role",
            "aws_lambda_function.check_signature_status"
          ],
          "create_before_destroy": true
        }
      ]
    },
    {
      "mode": "managed",
      "type": "aws_api_gateway_integration",
      "name": "check_signatures_status_integration",
      "provider": "provider[\"registry.terraform.io/hashicorp/aws\"]",
      "instances": [
        {
          "schema_version": 0,
          "attributes": {
            "cache_key_parameters": null,
            "cache_namespace": "sxq0gkpnam",
            "connection_id": "",
            "connection_type": "INTERNET",
            "content_handling": "",
            "credentials": "",
            "http_method": "GET",
            "id": "agi-d35d7p1n9c-sxq0gkpnam-GET",
            "integration_http_method": "POST",
            "passthrough_behavior": "WHEN_NO_MATCH",
            "request_parameters": null,
            "request_templates": null,
            "resource_id": "sxq0gkpnam",
            "rest_api_id": "d35d7p1n9c",
            "timeout_milliseconds": 29000,
            "tls_config": [],
            "type": "AWS_PROXY",
            "uri": "arn:aws:apigateway:us-east-1:lambda:path/2015-03-31/functions/arn:aws:lambda:us-east-1:000000000000:function:check-signature-status/invocations"
          },
          "sensitive_attributes": [],
          "private": "bnVsbA==",
          "dependencies": [
            "aws_api_gateway_method.check_signatures_status_get",
            "aws_api_gateway_resource.signatures",
            "aws_api_gateway_resource.signatures_status",
            "aws_api_gateway_rest_api.signatures_api",
            "aws_iam_role.lambda_exec_role",
            "aws_lambda_function.check_signature_status"
          ],
          "create_before_destroy": true
        }
      ]
    },
    {
      "mode": "managed",
      "type": "aws_api_gateway_method",
      "name": "check_signatures_status_get",
      "provider": "provider[\"registry.terraform.io/hashicorp/aws\"]",
      "instances": [
        {
          "schema_version": 0,
          "attributes": {
            "api_key_required": false,
            "authorization": "NONE",
            "authorization_scopes": null,
            "authorizer_id": null,
            "http_method": "GET",
            "id": "agm-d35d7p1n9c-sxq0gkpnam-GET",
            "operation_name": null,
            "request_models": null,
            "request_parameters": null,
            "request_validator_id": null,
            "resource_id": "sxq0gkpnam",
            "rest_api_id": "d35d7p1n9c"
          },
          "sensitive_attributes": [],
          "private": "bnVsbA==",
          "dependencies": [
            "aws_api_gateway_resource.signatures",
            "aws_api_gateway_resource.signatures_status",
            "aws_api_gateway_rest_api.signatures_api"
          ],
          "create_before_destroy": true
        }
      ]
    },
    {
      "mode": "managed",
      "type": "aws_api_gateway_resource",
      "name": "signatures",
      "provider": "provider[\"registry.terraform.io/hashicorp/aws\"]",
      "instances": [
        {
          "schema_version": 0,
          "attributes": {
            "id": "ufwf2izpq6",
            "parent_id": "e0emlbayxr",
            "path": "/signatures",
            "path_part": "signatures",
            "rest_api_id": "d35d7p1n9c"
          },
          "sensitive_attributes": [],
          "private": "bnVsbA==",
          "dependencies": [
            "aws_api_gateway_rest_api.signatures_api"
          ],
          "create_before_destroy": true
        }
      ]
    },
    {
      "mode": "managed",
      "type": "aws_api_gateway_resource",
      "name": "signatures_status",
      "provider": "provider[\"registry.terraform.io/hashicorp/aws\"]",
      "instances": [
        {
          "schema_version": 0,
          "attributes": {
            "id": "sxq0gkpnam",
            "parent_id": "ufwf2izpq6",
            "path": "/signatures/status",
            "path_part": "status",
            "rest_api_id": "d35d7p1n9c"
          },
          "sensitive_attributes": [],
          "private": "bnVsbA==",
          "dependencies": [
            "aws_api_gateway_resource.signatures",
            "aws_api_gateway_rest_api.signatures_api"
          ],
          "create_before_destroy": true
        }
      ]
    },
    {
      "mode": "managed",
      "type": "aws_api_gateway_rest_api",
      "name": "signatures_api",
      "provider": "provider[\"registry.terraform.io/hashicorp/aws\"]",
      "instances": [
        {
          "schema_version": 0,
          "attributes": {
            "api_key_source": "HEADER",
            "arn": "arn:aws:apigateway:us-east-1::/restapis/d35d7p1n9c",
            "binary_media_types": [],
            "body": null,
            "created_date": "2025-12-14T18:27:42Z",
            "description": "API REST da Assinatura Digital via LocalStack + Terraform",
            "disable_execute_api_endpoint": false,
            "endpoint_configuration": [
              {
                "ip_address_type": "ipv4",
                "types": [
                  "EDGE"
                ],
                "vpc_endpoint_ids": []
              }
            ],
            "execution_arn": "arn:aws:execute-api:us-east-1::d35d7p1n9c",
            "fail_on_warnings": null,
            "id": "d35d7p1n9c",
            "minimum_compression_size": "",
            "name": "assinatura-digital-api",
            "parameters": null,
            "policy": "",
            "put_rest_api_mode": null,
            "root_resource_id": "e0emlbayxr",
            "tags": null,
            "tags_all": {}
          },
          "sensitive_attributes": [],
          "private": "bnVsbA==",
          "create_before_destroy": true
        }
      ]
    },
    {
      "mode": "managed",
      "type": "aws_api_gateway_stage",
      "name": "signatures_stage",
      "provider": "provider[\"registry.terraform.io/hashicorp/aws\"]",
      "instances": [
        {
          "schema_version": 0,
          "attributes": {
            "access_log_settings": [],
            "arn": "arn:aws:apigateway:us-east-1::/restapis/d35d7p1n9c/stages/dev",
            "cache_cluster_enabled": false,
            "cache_cluster_size": "",
            "canary_settings": [],
            "client_certificate_id": "",
            "deployment_id": "plvw1f7zfx",
            "description": "",
            "documentation_version": "",
            "execution_arn": "arn:aws:execute-api:us-east-1::d35d7p1n9c/dev",
            "id": "ags-d35d7p1n9c-dev",
            "invoke_url": "https://d35d7p1n9c.execute-api.us-east-1.amazonaws.com/dev",
            "rest_api_id": "d35d7p1n9c",
            "stage_name": "dev",
            "tags": null,
            "tags_all": {},
            "variables": null,
            "web_acl_arn": "",
            "xray_tracing_enabled": false
          },
          "sensitive_attributes": [],
          "private": "bnVsbA==",
          "dependencies": [
            "aws_api_gateway_deployment.signatures_deployment",
            "aws_api_gateway_integration.check_signatures_status_integration",
            "aws_api_gateway_method.check_signatures_status_get",
            "aws_api_gateway_resource.signatures",
            "aws_api_gateway_resource.signatures_status",
            "aws_api_gateway_rest_api.signatures_api",
            "aws_iam_role.lambda_exec_role",
            "aws_lambda_function.check_signature_status"
          ]
        }
      ]
    },
    {
      "mode": "managed",
      "type": "aws_iam_role",
      "name": "lambda_exec_role",
      "provider": "provider[\"registry.terraform.io/hashicorp/aws\"]",
      "instances": [
        {
          "schema_version": 0,
          "attributes": {
            "arn": "arn:aws:iam::000000000000:role/lambda-exec-role",
            "assume_role_policy": "{\"Statement\":[{\"Action\":\"sts:AssumeRole\",\"Effect\":\"Allow\",\"Principal\":{\"Service\":\"lambda.amazonws.com\"}}],\"Version\":\"2012-10-17\"}",
            "create_date": "2025-12-14T18:27:42Z",
            "description": "",
            "force_detach_policies": false,
            "id": "lambda-exec-role",
            "inline_policy": [],
            "managed_policy_arns": [],
            "max_session_duration": 3600,
            "name": "lambda-exec-role",
            "name_prefix": "",
            "path": "/",
            "permissions_boundary": "",
            "tags": null,
            "tags_all": {},
            "unique_id": "AROAQAAAAAAAIMZJG36DV"
          },
          "sensitive_attributes": [],
          "private": "bnVsbA==",
          "create_before_destroy": true
        }
      ]
    },
    {
      "mode": "managed",
      "type": "aws_iam_role_policy_attachment",
      "name": "lambda_basic_execution",
      "provider": "provider[\"registry.terraform.io/hashicorp/aws\"]",
      "instances": [
        {
          "schema_version": 0,
          "attributes": {
            "id": "lambda-exec-role-20251214182742409100000001",
            "policy_arn": "arn:aws:iam::aws:policy/service-role/AWSLambdaBasicExecutionRole",
            "role": "lambda-exec-role"
          },
          "sensitive_attributes": [],
          "private": "bnVsbA==",
          "dependencies": [
            "aws_iam_role.lambda_exec_role"
          ]
        }
      ]
    },
    {
      "mode": "managed",
      "type": "aws_lambda_function",
      "name": "check_signature_status",
      "provider": "provider[\"registry.terraform.io/hashicorp/aws\"]",
      "instances": [
        {
          "schema_version": 0,
          "attributes": {
            "architectures": [
              "x86_64"
            ],
            "arn": "arn:aws:lambda:us-east-1:000000000000:function:check-signature-status",
            "code_sha256": "ecEIYxmC2H9TI40Ycki3XVx2Nznf50xqJQGw6jILxU4=",
            "code_signing_config_arn": "",
            "dead_letter_config": [],
            "description": "",
            "environment": [
              {
                "variables": {
                  "NODE_ENV": "local"
                }
              }
            ],
            "ephemeral_storage": [
              {
                "size": 512
              }
            ],
            "file_system_config": [],
            "filename": "./assinatura_digital_lambda.zip",
            "function_name": "check-signature-status",
            "handler": "handlers/checkSignatureStatus.handler",
            "id": "check-signature-status",
            "image_config": [],
            "image_uri": "",
            "invoke_arn": "arn:aws:apigateway:us-east-1:lambda:path/2015-03-31/functions/arn:aws:lambda:us-east-1:000000000000:function:check-signature-status/invocations",
            "kms_key_arn": "",
            "last_modified": "2025-12-14T18:27:42.981279+0000",
            "layers": null,
            "logging_config": [
              {
                "application_log_level": "",
                "log_format": "Text",
                "log_group": "/aws/lambda/check-signature-status",
                "system_log_level": ""
              }
            ],
            "memory_size": 128,
            "package_type": "Zip",
            "publish": false,
            "qualified_arn": "arn:aws:lambda:us-east-1:000000000000:function:check-signature-status:$LATEST",
            "qualified_invoke_arn": "arn:aws:apigateway:us-east-1:lambda:path/2015-03-31/functions/arn:aws:lambda:us-east-1:000000000000:function:check-signature-status:$LATEST/invocations",
            "replace_security_groups_on_destroy": null,
            "replacement_security_group_ids": null,
            "reserved_concurrent_executions": -1,
            "role": "arn:aws:iam::000000000000:role/lambda-exec-role",
            "runtime": "nodejs22.x",
            "s3_bucket": null,
            "s3_key": null,
            "s3_object_version": null,
            "signing_job_arn": "",
            "signing_profile_version_arn": "",
            "skip_destroy": false,
            "snap_start": [],
            "source_code_hash": "ecEIYxmC2H9TI40Ycki3XVx2Nznf50xqJQGw6jILxU4=",
            "source_code_size": 3583224,
            "tags": null,
            "tags_all": {},
            "timeout": 3,
            "timeouts": null,
            "tracing_config": [
              {
                "mode": "PassThrough"
              }
            ],
            "version": "$LATEST",
            "vpc_config": []
          },
          "sensitive_attributes": [],
          "private": "eyJlMmJmYjczMC1lY2FhLTExZTYtOGY4OC0zNDM2M2JjN2M0YzAiOnsiY3JlYXRlIjo2MDAwMDAwMDAwMDAsImRlbGV0ZSI6NjAwMDAwMDAwMDAwLCJ1cGRhdGUiOjYwMDAwMDAwMDAwMH19",
          "dependencies": [
            "aws_iam_role.lambda_exec_role"
          ],
          "create_before_destroy": true
        }
      ]
    },
    {
      "mode": "managed",
      "type": "aws_lambda_permission",
      "name": "apigw_invoke_check_signature_status",
      "provider": "provider[\"registry.terraform.io/hashicorp/aws\"]",
      "instances": [
        {
          "schema_version": 0,
          "attributes": {
            "action": "lambda:InvokeFunction",
            "event_source_token": null,
            "function_name": "check-signature-status",
            "function_url_auth_type": null,
            "id": "AllowAPIGatewayInvokeCheckSignatureStatus",
            "principal": "apigateway.amazonaws.com",
            "principal_org_id": null,
            "qualifier": "",
            "source_account": null,
            "source_arn": "arn:aws:execute-api:us-east-1::d35d7p1n9c/*/*",
            "statement_id": "AllowAPIGatewayInvokeCheckSignatureStatus",
            "statement_id_prefix": ""
          },
          "sensitive_attributes": [],
          "private": "bnVsbA==",
          "dependencies": [
            "aws_api_gateway_rest_api.signatures_api",
            "aws_iam_role.lambda_exec_role",
            "aws_lambda_function.check_signature_status"
          ]
        }
      ]
    }
  ],
  "check_results": null
}
